
Microsoft Visual Studio Solution File, Format Version 12.00
# Visual Studio Version 17
VisualStudioVersion = 17.1.32127.271
MinimumVisualStudioVersion = 10.0.40219.1
Project("{FAE04EC0-301F-11D3-BF4B-00C04F79EFBC}") = "Dijkstra", "Dijkstra.csproj", "{D5EFFB7D-2613-417D-BF75-08575A4553D5}"
EndProject
Global
	GlobalSection(SolutionConfigurationPlatforms) = preSolution
		Debug|Any CPU = Debug|Any CPU
		Release|Any CPU = Release|Any CPU
	EndGlobalSection
	GlobalSection(ProjectConfigurationPlatforms) = postSolution
		{D5EFFB7D-2613-417D-BF75-08575A4553D5}.Debug|Any CPU.ActiveCfg = Debug|Any CPU
		{D5EFFB7D-2613-417D-BF75-08575A4553D5}.Debug|Any CPU.Build.0 = Debug|Any CPU
		{D5EFFB7D-2613-417D-BF75-08575A4553D5}.Release|Any CPU.ActiveCfg = Release|Any CPU
		{D5EFFB7D-2613-417D-BF75-08575A4553D5}.Release|Any CPU.Build.0 = Release|Any CPU
	EndGlobalSection
	GlobalSection(SolutionProperties) = preSolution
		HideSolutionNode = FALSE
	EndGlobalSection
	GlobalSection(ExtensibilityGlobals) = postSolution
		SolutionGuid = {4CE6E9C0-32F3-4D47-9DA2-088D95A3AEFA}
	EndGlobalSection
EndGlobal
